Microsoft Visual Studio Solution File, Format Version 12.00
# Visual Studio Version 17
VisualStudioVersion = 17.5.2.0
MinimumVisualStudioVersion = 10.0.40219.1
Project("{FAE04EC0-301F-11D3-BF4B-00C04F79EFBC}") = "EjemploApp", "EjemploApp\EjemploApp.csproj", "{9CED6820-8D1D-AB02-0E2D-B7AA773A244B}"
EndProject
Global
	GlobalSection(SolutionConfigurationPlatforms) = preSolution
		Debug|Any CPU = Debug|Any CPU
		Release|Any CPU = Release|Any CPU
	EndGlobalSection
	GlobalSection(ProjectConfigurationPlatforms) = postSolution
		{9CED6820-8D1D-AB02-0E2D-B7AA773A244B}.Debug|Any CPU.ActiveCfg = Debug|Any CPU
		{9CED6820-8D1D-AB02-0E2D-B7AA773A244B}.Debug|Any CPU.Build.0 = Debug|Any CPU
		{9CED6820-8D1D-AB02-0E2D-B7AA773A244B}.Release|Any CPU.ActiveCfg = Release|Any CPU
		{9CED6820-8D1D-AB02-0E2D-B7AA773A244B}.Release|Any CPU.Build.0 = Release|Any CPU
	EndGlobalSection
	GlobalSection(SolutionProperties) = preSolution
		HideSolutionNode = FALSE
	EndGlobalSection
	GlobalSection(ExtensibilityGlobals) = postSolution
		SolutionGuid = {55F4885C-BF25-4AAA-885D-263F1188238A}
	EndGlobalSection
EndGlobal
